
Microsoft Visual Studio Solution File, Format Version 12.00
# Visual Studio Version 17
VisualStudioVersion = 17.0.31903.59
MinimumVisualStudioVersion = 10.0.40219.1
Project("{2150E333-8FDC-42A3-9474-1A3956D46DE8}") = "src", "src", "{004CE987-A209-4933-884A-2F59506CDC9E}"
EndProject
Project("{9A19103F-16F7-4668-BE54-9A1E7A4F7556}") = "AzureOpenAIProxy.AppHost", "src\AzureOpenAIProxy.AppHost\AzureOpenAIProxy.AppHost.csproj", "{8F568BEC-6D07-4AB3-9EA2-EA276CD4D02B}"
EndProject
Project("{9A19103F-16F7-4668-BE54-9A1E7A4F7556}") = "AzureOpenAIProxy.ServiceDefaults", "src\AzureOpenAIProxy.ServiceDefaults\AzureOpenAIProxy.ServiceDefaults.csproj", "{7E20BFB2-37CC-4A14-86BF-046D0C1BFD6D}"
EndProject
Project("{9A19103F-16F7-4668-BE54-9A1E7A4F7556}") = "AzureOpenAIProxy.PlaygroundApp", "src\AzureOpenAIProxy.PlaygroundApp\AzureOpenAIProxy.PlaygroundApp.csproj", "{A8BBA7EA-5615-470C-8D2E-77CCCAE3F51E}"
EndProject
Project("{9A19103F-16F7-4668-BE54-9A1E7A4F7556}") = "AzureOpenAIProxy.ApiApp", "src\AzureOpenAIProxy.ApiApp\AzureOpenAIProxy.ApiApp.csproj", "{1E3B6609-56EC-4FEC-A689-34F9E5DCCF22}"
EndProject
Project("{2150E333-8FDC-42A3-9474-1A3956D46DE8}") = "test", "test", "{A69C5782-F0B3-46B9-8089-3E7216AAAB25}"
EndProject
Project("{9A19103F-16F7-4668-BE54-9A1E7A4F7556}") = "AzureOpenAIProxy.AppHost.Tests", "test\AzureOpenAIProxy.AppHost.Tests\AzureOpenAIProxy.AppHost.Tests.csproj", "{E8994388-24FA-4221-8E46-4CD1DA96C585}"
EndProject
Global
	GlobalSection(SolutionConfigurationPlatforms) = preSolution
		Debug|Any CPU = Debug|Any CPU
		Release|Any CPU = Release|Any CPU
	EndGlobalSection
	GlobalSection(ProjectConfigurationPlatforms) = postSolution
		{8F568BEC-6D07-4AB3-9EA2-EA276CD4D02B}.Debug|Any CPU.ActiveCfg = Debug|Any CPU
		{8F568BEC-6D07-4AB3-9EA2-EA276CD4D02B}.Debug|Any CPU.Build.0 = Debug|Any CPU
		{8F568BEC-6D07-4AB3-9EA2-EA276CD4D02B}.Release|Any CPU.ActiveCfg = Release|Any CPU
		{8F568BEC-6D07-4AB3-9EA2-EA276CD4D02B}.Release|Any CPU.Build.0 = Release|Any CPU
		{7E20BFB2-37CC-4A14-86BF-046D0C1BFD6D}.Debug|Any CPU.ActiveCfg = Debug|Any CPU
		{7E20BFB2-37CC-4A14-86BF-046D0C1BFD6D}.Debug|Any CPU.Build.0 = Debug|Any CPU
		{7E20BFB2-37CC-4A14-86BF-046D0C1BFD6D}.Release|Any CPU.ActiveCfg = Release|Any CPU
		{7E20BFB2-37CC-4A14-86BF-046D0C1BFD6D}.Release|Any CPU.Build.0 = Release|Any CPU
		{A8BBA7EA-5615-470C-8D2E-77CCCAE3F51E}.Debug|Any CPU.ActiveCfg = Debug|Any CPU
		{A8BBA7EA-5615-470C-8D2E-77CCCAE3F51E}.Debug|Any CPU.Build.0 = Debug|Any CPU
		{A8BBA7EA-5615-470C-8D2E-77CCCAE3F51E}.Release|Any CPU.ActiveCfg = Release|Any CPU
		{A8BBA7EA-5615-470C-8D2E-77CCCAE3F51E}.Release|Any CPU.Build.0 = Release|Any CPU
		{1E3B6609-56EC-4FEC-A689-34F9E5DCCF22}.Debug|Any CPU.ActiveCfg = Debug|Any CPU
		{1E3B6609-56EC-4FEC-A689-34F9E5DCCF22}.Debug|Any CPU.Build.0 = Debug|Any CPU
		{1E3B6609-56EC-4FEC-A689-34F9E5DCCF22}.Release|Any CPU.ActiveCfg = Release|Any CPU
		{1E3B6609-56EC-4FEC-A689-34F9E5DCCF22}.Release|Any CPU.Build.0 = Release|Any CPU
		{E8994388-24FA-4221-8E46-4CD1DA96C585}.Debug|Any CPU.ActiveCfg = Debug|Any CPU
		{E8994388-24FA-4221-8E46-4CD1DA96C585}.Debug|Any CPU.Build.0 = Debug|Any CPU
		{E8994388-24FA-4221-8E46-4CD1DA96C585}.Release|Any CPU.ActiveCfg = Release|Any CPU
		{E8994388-24FA-4221-8E46-4CD1DA96C585}.Release|Any CPU.Build.0 = Release|Any CPU
	EndGlobalSection
	GlobalSection(SolutionProperties) = preSolution
		HideSolutionNode = FALSE
	EndGlobalSection
	GlobalSection(NestedProjects) = preSolution
		{8F568BEC-6D07-4AB3-9EA2-EA276CD4D02B} = {004CE987-A209-4933-884A-2F59506CDC9E}
		{7E20BFB2-37CC-4A14-86BF-046D0C1BFD6D} = {004CE987-A209-4933-884A-2F59506CDC9E}
		{A8BBA7EA-5615-470C-8D2E-77CCCAE3F51E} = {004CE987-A209-4933-884A-2F59506CDC9E}
		{1E3B6609-56EC-4FEC-A689-34F9E5DCCF22} = {004CE987-A209-4933-884A-2F59506CDC9E}
		{E8994388-24FA-4221-8E46-4CD1DA96C585} = {A69C5782-F0B3-46B9-8089-3E7216AAAB25}
	EndGlobalSection
	GlobalSection(ExtensibilityGlobals) = postSolution
		SolutionGuid = {1D2D444D-0384-4C78-B968-156C7C848DE8}
	EndGlobalSection
EndGlobal
